
Microsoft Visual Studio Solution File, Format Version 12.00
# Visual Studio Version 16
VisualStudioVersion = 16.0.31613.86
MinimumVisualStudioVersion = 10.0.40219.1
Project("{FAE04EC0-301F-11D3-BF4B-00C04F79EFBC}") = "WpfDispatcherDemo", "WpfDispatcherDemo\WpfDispatcherDemo.csproj", "{D63CC355-90EA-432C-B438-187AE5D65CE7}"
EndProject
Global
	GlobalSection(SolutionConfigurationPlatforms) = preSolution
		Debug|Any CPU = Debug|Any CPU
		Release|Any CPU = Release|Any CPU
	EndGlobalSection
	GlobalSection(ProjectConfigurationPlatforms) = postSolution
		{D63CC355-90EA-432C-B438-187AE5D65CE7}.Debug|Any CPU.ActiveCfg = Debug|Any CPU
		{D63CC355-90EA-432C-B438-187AE5D65CE7}.Debug|Any CPU.Build.0 = Debug|Any CPU
		{D63CC355-90EA-432C-B438-187AE5D65CE7}.Release|Any CPU.ActiveCfg = Release|Any CPU
		{D63CC355-90EA-432C-B438-187AE5D65CE7}.Release|Any CPU.Build.0 = Release|Any CPU
	EndGlobalSection
	GlobalSection(SolutionProperties) = preSolution
		HideSolutionNode = FALSE
	EndGlobalSection
	GlobalSection(ExtensibilityGlobals) = postSolution
		SolutionGuid = {97A06359-1441-47E3-8DBA-732A34CB7F83}
	EndGlobalSection
EndGlobal
